PODS:
  - Alamofire (4.9.1)
  - AlamofireImage (3.6.0):
    - Alamofire (~> 4.9)
  - AlamofireNetworkActivityIndicator (2.4.0):
    - Alamofire (~> 4.8)
  - AlamofireObjectMapper (5.2.1):
    - Alamofire (~> 4.7)
    - ObjectMapper (~> 3.4)
  - EmptyDataSet-Swift (5.0.0)
  - ObjectMapper (3.5.3)
  - PickerView (0.4.0)
  - Presentr (1.9)
  - QRCode (2.0)
  - Sentry (4.4.3):
    - Sentry/Core (= 4.4.3)
  - Sentry/Core (4.4.3)
  - ShimmerSwift (2.1.1)
  - SnapKit (5.6.0)
  - SwiftLint (0.50.3)
  - SwiftValidators (9.0.3)
  - SwiftyJSON (5.0.0)
  - TOCropViewController (2.6.1)
  - Valet (3.2.8)

DEPENDENCIES:
  - Alamofire (~> 4.9.1)
  - AlamofireImage (~> 3.6.0)
  - AlamofireNetworkActivityIndicator (~> 2.4.0)
  - AlamofireObjectMapper (~> 5.2.1)
  - EmptyDataSet-Swift
  - ObjectMapper
  - PickerView
  - Presentr
  - QRCode (from `https://github.com/andrewcampoli/QRCode.git`)
  - Sentry (~> 4.4.1)
  - ShimmerSwift
  - SnapKit
  - SwiftLint
  - SwiftValidators
  - SwiftyJSON (= 5.0.0)
  - TOCropViewController
  - Valet (= 3.2.8)

SPEC REPOS:
  trunk:
    - Alamofire
    - AlamofireImage
    - AlamofireNetworkActivityIndicator
    - AlamofireObjectMapper
    - EmptyDataSet-Swift
    - ObjectMapper
    - PickerView
    - Presentr
    - Sentry
    - ShimmerSwift
    - SnapKit
    - SwiftLint
    - SwiftValidators
    - SwiftyJSON
    - TOCropViewController
    - Valet

EXTERNAL SOURCES:
  QRCode:
    :git: https://github.com/andrewcampoli/QRCode.git

CHECKOUT OPTIONS:
  QRCode:
    :commit: db3c291b4458d6938d517314be10e0c58c90bc45
    :git: https://github.com/andrewcampoli/QRCode.git

SPEC CHECKSUMS:
  Alamofire: 85e8a02c69d6020a0d734f6054870d7ecb75cf18
  AlamofireImage: be9963c6582d68b39e89191f64c82a7d7bf40fdd
  AlamofireNetworkActivityIndicator: 9acc3de3ca6645bf0efed462396b0df13dd3e7b8
  AlamofireObjectMapper: 1989f690e982b71921b9253f53a4f33a9bc00d88
  EmptyDataSet-Swift: eb382c0c87a2d9c678077385a595cec52da38171
  ObjectMapper: 97111c97e054a6ee25917662106689f0b4127b37
  PickerView: a736ea986d992aa3ef32423f475fdf3f3a0cf7d4
  Presentr: 7078d7eb5d1661ebeaae60c9e42a1e534de1b993
  QRCode: 282441d0cfe8c4c1766b7578361fe93f72757685
  Sentry: 14bdd673870e8cf64932b149fad5bbbf39a9b390
  ShimmerSwift: f7ed2daf9c246de8299dfd9e12c6ab465cba9842
  SnapKit: e01d52ebb8ddbc333eefe2132acf85c8227d9c25
  SwiftLint: 77f7cb2b9bb81ab4a12fcc86448ba3f11afa50c6
  SwiftValidators: b1cb650ce02ef6ad894f1d471f970b249c794342
  SwiftyJSON: 36413e04c44ee145039d332b4f4e2d3e8d6c4db7
  TOCropViewController: edfd4f25713d56905ad1e0b9f5be3fbe0f59c863
  Valet: 16d0537d70db79d9ba953b9060b5da4fb8004e51

PODFILE CHECKSUM: de63265811b3b07e19f489bca4084b48db62b1e6

COCOAPODS: 1.10.1
